
Microsoft Visual Studio Solution File, Format Version 12.00
# Visual Studio 15
VisualStudioVersion = 15.0.28307.168
MinimumVisualStudioVersion = 10.0.40219.1
Project("{2150E333-8FDC-42A3-9474-1A3956D46DE8}") = "Docs", "Docs", "{B87553FD-5CC4-4A24-828F-99A095539DEA}"
	ProjectSection(SolutionItems) = preProject
		ReadMe.txt = ReadMe.txt
	EndProjectSection
EndProject
Project("{2150E333-8FDC-42A3-9474-1A3956D46DE8}") = "Src", "Src", "{51F2585F-B523-4ABF-9413-9407D1FDE5B0}"
EndProject
Project("{2150E333-8FDC-42A3-9474-1A3956D46DE8}") = "Tests", "Tests", "{841BDFBC-5A72-4BF9-B3EB-77237487CDFD}"
EndProject
Project("{2150E333-8FDC-42A3-9474-1A3956D46DE8}") = "Common", "Common", "{CE1C4306-54D5-4249-9EF5-B1B241C07F61}"
EndProject
Project("{2150E333-8FDC-42A3-9474-1A3956D46DE8}") = "Core", "Core", "{612C7437-3729-48C4-B6F8-E2238F283D79}"
EndProject
Project("{2150E333-8FDC-42A3-9474-1A3956D46DE8}") = "Infrastructure", "Infrastructure", "{8D82C7A1-E365-4228-80DF-F41E6239113E}"
EndProject
Project("{2150E333-8FDC-42A3-9474-1A3956D46DE8}") = "Presentation", "Presentation", "{F42848B4-6CFB-4FED-8F27-6D6442E4C929}"
EndProject
Project("{FAE04EC0-301F-11D3-BF4B-00C04F79EFBC}") = "RpMan.Common", "RpMan.Common\RpMan.Common.csproj", "{2BA9A435-A171-4AD5-B183-5B29085EA43C}"
EndProject
Project("{FAE04EC0-301F-11D3-BF4B-00C04F79EFBC}") = "RpMan.Application", "RpMan.Application\RpMan.Application.csproj", "{06F5E83F-6FFD-4121-9191-3FD989FE3E84}"
EndProject
Project("{FAE04EC0-301F-11D3-BF4B-00C04F79EFBC}") = "RpMan.Domain", "RpMan.Domain\RpMan.Domain.csproj", "{82E021B1-D439-4B6A-8173-BF05AAA1F7BD}"
EndProject
Project("{FAE04EC0-301F-11D3-BF4B-00C04F79EFBC}") = "RpMan.Infrastructure", "RpMan.Infrastructure\RpMan.Infrastructure.csproj", "{378C2EFA-9CBB-49D7-BE2A-D70709F031B7}"
EndProject
Project("{FAE04EC0-301F-11D3-BF4B-00C04F79EFBC}") = "RpMan.Persistence", "RpMan.Persistence\RpMan.Persistence.csproj", "{3B6F16D2-554C-4932-8C56-C1F2BC599883}"
EndProject
Project("{FAE04EC0-301F-11D3-BF4B-00C04F79EFBC}") = "RpMan.WebUI", "RpMan.WebUI\RpMan.WebUI.csproj", "{E065815D-3037-4060-9407-3CAFC8990F4A}"
EndProject
Global
	GlobalSection(SolutionConfigurationPlatforms) = preSolution
		Debug|Any CPU = Debug|Any CPU
		Release|Any CPU = Release|Any CPU
	EndGlobalSection
	GlobalSection(ProjectConfigurationPlatforms) = postSolution
		{2BA9A435-A171-4AD5-B183-5B29085EA43C}.Debug|Any CPU.ActiveCfg = Debug|Any CPU
		{2BA9A435-A171-4AD5-B183-5B29085EA43C}.Debug|Any CPU.Build.0 = Debug|Any CPU
		{2BA9A435-A171-4AD5-B183-5B29085EA43C}.Release|Any CPU.ActiveCfg = Release|Any CPU
		{2BA9A435-A171-4AD5-B183-5B29085EA43C}.Release|Any CPU.Build.0 = Release|Any CPU
		{06F5E83F-6FFD-4121-9191-3FD989FE3E84}.Debug|Any CPU.ActiveCfg = Debug|Any CPU
		{06F5E83F-6FFD-4121-9191-3FD989FE3E84}.Debug|Any CPU.Build.0 = Debug|Any CPU
		{06F5E83F-6FFD-4121-9191-3FD989FE3E84}.Release|Any CPU.ActiveCfg = Release|Any CPU
		{06F5E83F-6FFD-4121-9191-3FD989FE3E84}.Release|Any CPU.Build.0 = Release|Any CPU
		{82E021B1-D439-4B6A-8173-BF05AAA1F7BD}.Debug|Any CPU.ActiveCfg = Debug|Any CPU
		{82E021B1-D439-4B6A-8173-BF05AAA1F7BD}.Debug|Any CPU.Build.0 = Debug|Any CPU
		{82E021B1-D439-4B6A-8173-BF05AAA1F7BD}.Release|Any CPU.ActiveCfg = Release|Any CPU
		{82E021B1-D439-4B6A-8173-BF05AAA1F7BD}.Release|Any CPU.Build.0 = Release|Any CPU
		{378C2EFA-9CBB-49D7-BE2A-D70709F031B7}.Debug|Any CPU.ActiveCfg = Debug|Any CPU
		{378C2EFA-9CBB-49D7-BE2A-D70709F031B7}.Debug|Any CPU.Build.0 = Debug|Any CPU
		{378C2EFA-9CBB-49D7-BE2A-D70709F031B7}.Release|Any CPU.ActiveCfg = Release|Any CPU
		{378C2EFA-9CBB-49D7-BE2A-D70709F031B7}.Release|Any CPU.Build.0 = Release|Any CPU
		{3B6F16D2-554C-4932-8C56-C1F2BC599883}.Debug|Any CPU.ActiveCfg = Debug|Any CPU
		{3B6F16D2-554C-4932-8C56-C1F2BC599883}.Debug|Any CPU.Build.0 = Debug|Any CPU
		{3B6F16D2-554C-4932-8C56-C1F2BC599883}.Release|Any CPU.ActiveCfg = Release|Any CPU
		{3B6F16D2-554C-4932-8C56-C1F2BC599883}.Release|Any CPU.Build.0 = Release|Any CPU
		{E065815D-3037-4060-9407-3CAFC8990F4A}.Debug|Any CPU.ActiveCfg = Debug|Any CPU
		{E065815D-3037-4060-9407-3CAFC8990F4A}.Debug|Any CPU.Build.0 = Debug|Any CPU
		{E065815D-3037-4060-9407-3CAFC8990F4A}.Release|Any CPU.ActiveCfg = Release|Any CPU
		{E065815D-3037-4060-9407-3CAFC8990F4A}.Release|Any CPU.Build.0 = Release|Any CPU
	EndGlobalSection
	GlobalSection(SolutionProperties) = preSolution
		HideSolutionNode = FALSE
	EndGlobalSection
	GlobalSection(NestedProjects) = preSolution
		{CE1C4306-54D5-4249-9EF5-B1B241C07F61} = {51F2585F-B523-4ABF-9413-9407D1FDE5B0}
		{612C7437-3729-48C4-B6F8-E2238F283D79} = {51F2585F-B523-4ABF-9413-9407D1FDE5B0}
		{8D82C7A1-E365-4228-80DF-F41E6239113E} = {51F2585F-B523-4ABF-9413-9407D1FDE5B0}
		{F42848B4-6CFB-4FED-8F27-6D6442E4C929} = {51F2585F-B523-4ABF-9413-9407D1FDE5B0}
		{2BA9A435-A171-4AD5-B183-5B29085EA43C} = {CE1C4306-54D5-4249-9EF5-B1B241C07F61}
		{06F5E83F-6FFD-4121-9191-3FD989FE3E84} = {612C7437-3729-48C4-B6F8-E2238F283D79}
		{82E021B1-D439-4B6A-8173-BF05AAA1F7BD} = {612C7437-3729-48C4-B6F8-E2238F283D79}
		{378C2EFA-9CBB-49D7-BE2A-D70709F031B7} = {8D82C7A1-E365-4228-80DF-F41E6239113E}
		{3B6F16D2-554C-4932-8C56-C1F2BC599883} = {8D82C7A1-E365-4228-80DF-F41E6239113E}
		{E065815D-3037-4060-9407-3CAFC8990F4A} = {F42848B4-6CFB-4FED-8F27-6D6442E4C929}
	EndGlobalSection
	GlobalSection(ExtensibilityGlobals) = postSolution
		SolutionGuid = {D830E1B3-E5F8-4842-845A-962C568F6EDC}
	EndGlobalSection
EndGlobal
